
Microsoft Visual Studio Solution File, Format Version 11.00
# Visual Studio 2010
# SharpDevelop 5.0
Project("{FAE04EC0-301F-11D3-BF4B-00C04F79EFBC}") = "punto1", "punto1\punto1.csproj", "{FF89E201-6682-4341-BBC8-D092D89ED81C}"
EndProject
Project("{FAE04EC0-301F-11D3-BF4B-00C04F79EFBC}") = "punto2", "punto2\punto2.csproj", "{C5504676-6A49-45CF-B8A5-BBED361DDCF1}"
EndProject
Project("{FAE04EC0-301F-11D3-BF4B-00C04F79EFBC}") = "punto3", "punto3\punto3.csproj", "{B69E9718-595B-4066-81E7-71591267A461}"
EndProject
Project("{FAE04EC0-301F-11D3-BF4B-00C04F79EFBC}") = "punto4", "punto4\punto4.csproj", "{FE8712B1-CEE4-4EB0-9F1E-EDE366C7FC4E}"
EndProject
Project("{FAE04EC0-301F-11D3-BF4B-00C04F79EFBC}") = "punto5", "punto5\punto5.csproj", "{F2D875CA-9E90-4139-A39C-93F65D73D62A}"
EndProject
Project("{FAE04EC0-301F-11D3-BF4B-00C04F79EFBC}") = "punto6", "punto6\punto6.csproj", "{90DC25F8-7650-47B4-A188-12999CF9AEA4}"
EndProject
Project("{FAE04EC0-301F-11D3-BF4B-00C04F79EFBC}") = "punto7", "punto7\punto7.csproj", "{0278888E-4EA2-4180-A17E-385C49EB6F77}"
EndProject
Project("{FAE04EC0-301F-11D3-BF4B-00C04F79EFBC}") = "punto8", "punto8\punto8.csproj", "{8FBCC152-26FC-44DD-AFED-B69DB6A3C86D}"
EndProject
Project("{FAE04EC0-301F-11D3-BF4B-00C04F79EFBC}") = "punto9", "punto9\punto9.csproj", "{77331124-993F-4D15-9B97-953380322DC3}"
EndProject
Project("{FAE04EC0-301F-11D3-BF4B-00C04F79EFBC}") = "punto10", "punto10\punto10.csproj", "{461BA5B8-DD98-4223-835D-29EC3E3C674F}"
EndProject
Project("{FAE04EC0-301F-11D3-BF4B-00C04F79EFBC}") = "punto11", "punto11\punto11.csproj", "{F5B3DD26-E769-459A-91AC-E96121069655}"
EndProject
Project("{FAE04EC0-301F-11D3-BF4B-00C04F79EFBC}") = "punto12", "punto12\punto12.csproj", "{99CA16F7-EF75-427A-ABC1-72105D928F13}"
EndProject
Project("{FAE04EC0-301F-11D3-BF4B-00C04F79EFBC}") = "punto13", "punto13\punto13.csproj", "{28C361DC-6E35-4959-8817-BDB411CE7F55}"
EndProject
Project("{FAE04EC0-301F-11D3-BF4B-00C04F79EFBC}") = "punto14", "punto14\punto14.csproj", "{B934A84A-31DA-4AE3-A3D0-389C1ACBB9C1}"
EndProject
Project("{FAE04EC0-301F-11D3-BF4B-00C04F79EFBC}") = "punto17", "punto17\punto17.csproj", "{C7FF746B-B704-4CD0-8476-120400C04382}"
EndProject
Project("{FAE04EC0-301F-11D3-BF4B-00C04F79EFBC}") = "punto16", "punto16\punto16.csproj", "{8995193F-D2DD-4831-B981-534E5A57E04F}"
EndProject
Project("{FAE04EC0-301F-11D3-BF4B-00C04F79EFBC}") = "punto15", "punto15\punto15.csproj", "{125256F7-268D-42D3-B563-FF7AEBFB7450}"
EndProject
Global
	GlobalSection(SolutionConfigurationPlatforms) = preSolution
		Debug|Any CPU = Debug|Any CPU
		Release|Any CPU = Release|Any CPU
	EndGlobalSection
	GlobalSection(ProjectConfigurationPlatforms) = postSolution
		{FF89E201-6682-4341-BBC8-D092D89ED81C}.Debug|Any CPU.ActiveCfg = Debug|Any CPU
		{FF89E201-6682-4341-BBC8-D092D89ED81C}.Debug|Any CPU.Build.0 = Debug|Any CPU
		{FF89E201-6682-4341-BBC8-D092D89ED81C}.Release|Any CPU.ActiveCfg = Release|Any CPU
		{FF89E201-6682-4341-BBC8-D092D89ED81C}.Release|Any CPU.Build.0 = Release|Any CPU
		{C5504676-6A49-45CF-B8A5-BBED361DDCF1}.Debug|Any CPU.ActiveCfg = Debug|Any CPU
		{C5504676-6A49-45CF-B8A5-BBED361DDCF1}.Debug|Any CPU.Build.0 = Debug|Any CPU
		{C5504676-6A49-45CF-B8A5-BBED361DDCF1}.Release|Any CPU.ActiveCfg = Release|Any CPU
		{C5504676-6A49-45CF-B8A5-BBED361DDCF1}.Release|Any CPU.Build.0 = Release|Any CPU
		{B69E9718-595B-4066-81E7-71591267A461}.Debug|Any CPU.ActiveCfg = Debug|Any CPU
		{B69E9718-595B-4066-81E7-71591267A461}.Debug|Any CPU.Build.0 = Debug|Any CPU
		{B69E9718-595B-4066-81E7-71591267A461}.Release|Any CPU.ActiveCfg = Release|Any CPU
		{B69E9718-595B-4066-81E7-71591267A461}.Release|Any CPU.Build.0 = Release|Any CPU
		{FE8712B1-CEE4-4EB0-9F1E-EDE366C7FC4E}.Debug|Any CPU.ActiveCfg = Debug|Any CPU
		{FE8712B1-CEE4-4EB0-9F1E-EDE366C7FC4E}.Debug|Any CPU.Build.0 = Debug|Any CPU
		{FE8712B1-CEE4-4EB0-9F1E-EDE366C7FC4E}.Release|Any CPU.ActiveCfg = Release|Any CPU
		{FE8712B1-CEE4-4EB0-9F1E-EDE366C7FC4E}.Release|Any CPU.Build.0 = Release|Any CPU
		{F2D875CA-9E90-4139-A39C-93F65D73D62A}.Debug|Any CPU.ActiveCfg = Debug|Any CPU
		{F2D875CA-9E90-4139-A39C-93F65D73D62A}.Debug|Any CPU.Build.0 = Debug|Any CPU
		{F2D875CA-9E90-4139-A39C-93F65D73D62A}.Release|Any CPU.ActiveCfg = Release|Any CPU
		{F2D875CA-9E90-4139-A39C-93F65D73D62A}.Release|Any CPU.Build.0 = Release|Any CPU
		{90DC25F8-7650-47B4-A188-12999CF9AEA4}.Debug|Any CPU.ActiveCfg = Debug|Any CPU
		{90DC25F8-7650-47B4-A188-12999CF9AEA4}.Debug|Any CPU.Build.0 = Debug|Any CPU
		{90DC25F8-7650-47B4-A188-12999CF9AEA4}.Release|Any CPU.ActiveCfg = Release|Any CPU
		{90DC25F8-7650-47B4-A188-12999CF9AEA4}.Release|Any CPU.Build.0 = Release|Any CPU
		{0278888E-4EA2-4180-A17E-385C49EB6F77}.Debug|Any CPU.ActiveCfg = Debug|Any CPU
		{0278888E-4EA2-4180-A17E-385C49EB6F77}.Debug|Any CPU.Build.0 = Debug|Any CPU
		{0278888E-4EA2-4180-A17E-385C49EB6F77}.Release|Any CPU.ActiveCfg = Release|Any CPU
		{0278888E-4EA2-4180-A17E-385C49EB6F77}.Release|Any CPU.Build.0 = Release|Any CPU
		{8FBCC152-26FC-44DD-AFED-B69DB6A3C86D}.Debug|Any CPU.ActiveCfg = Debug|Any CPU
		{8FBCC152-26FC-44DD-AFED-B69DB6A3C86D}.Debug|Any CPU.Build.0 = Debug|Any CPU
		{8FBCC152-26FC-44DD-AFED-B69DB6A3C86D}.Release|Any CPU.ActiveCfg = Release|Any CPU
		{8FBCC152-26FC-44DD-AFED-B69DB6A3C86D}.Release|Any CPU.Build.0 = Release|Any CPU
		{77331124-993F-4D15-9B97-953380322DC3}.Debug|Any CPU.ActiveCfg = Debug|Any CPU
		{77331124-993F-4D15-9B97-953380322DC3}.Debug|Any CPU.Build.0 = Debug|Any CPU
		{77331124-993F-4D15-9B97-953380322DC3}.Release|Any CPU.ActiveCfg = Release|Any CPU
		{77331124-993F-4D15-9B97-953380322DC3}.Release|Any CPU.Build.0 = Release|Any CPU
		{461BA5B8-DD98-4223-835D-29EC3E3C674F}.Debug|Any CPU.ActiveCfg = Debug|Any CPU
		{461BA5B8-DD98-4223-835D-29EC3E3C674F}.Debug|Any CPU.Build.0 = Debug|Any CPU
		{461BA5B8-DD98-4223-835D-29EC3E3C674F}.Release|Any CPU.ActiveCfg = Release|Any CPU
		{461BA5B8-DD98-4223-835D-29EC3E3C674F}.Release|Any CPU.Build.0 = Release|Any CPU
		{F5B3DD26-E769-459A-91AC-E96121069655}.Debug|Any CPU.ActiveCfg = Debug|Any CPU
		{F5B3DD26-E769-459A-91AC-E96121069655}.Debug|Any CPU.Build.0 = Debug|Any CPU
		{F5B3DD26-E769-459A-91AC-E96121069655}.Release|Any CPU.ActiveCfg = Release|Any CPU
		{F5B3DD26-E769-459A-91AC-E96121069655}.Release|Any CPU.Build.0 = Release|Any CPU
		{99CA16F7-EF75-427A-ABC1-72105D928F13}.Debug|Any CPU.ActiveCfg = Debug|Any CPU
		{99CA16F7-EF75-427A-ABC1-72105D928F13}.Debug|Any CPU.Build.0 = Debug|Any CPU
		{99CA16F7-EF75-427A-ABC1-72105D928F13}.Release|Any CPU.ActiveCfg = Release|Any CPU
		{99CA16F7-EF75-427A-ABC1-72105D928F13}.Release|Any CPU.Build.0 = Release|Any CPU
		{28C361DC-6E35-4959-8817-BDB411CE7F55}.Debug|Any CPU.ActiveCfg = Debug|Any CPU
		{28C361DC-6E35-4959-8817-BDB411CE7F55}.Debug|Any CPU.Build.0 = Debug|Any CPU
		{28C361DC-6E35-4959-8817-BDB411CE7F55}.Release|Any CPU.ActiveCfg = Release|Any CPU
		{28C361DC-6E35-4959-8817-BDB411CE7F55}.Release|Any CPU.Build.0 = Release|Any CPU
		{B934A84A-31DA-4AE3-A3D0-389C1ACBB9C1}.Debug|Any CPU.ActiveCfg = Debug|Any CPU
		{B934A84A-31DA-4AE3-A3D0-389C1ACBB9C1}.Debug|Any CPU.Build.0 = Debug|Any CPU
		{B934A84A-31DA-4AE3-A3D0-389C1ACBB9C1}.Release|Any CPU.ActiveCfg = Release|Any CPU
		{B934A84A-31DA-4AE3-A3D0-389C1ACBB9C1}.Release|Any CPU.Build.0 = Release|Any CPU
		{C7FF746B-B704-4CD0-8476-120400C04382}.Debug|Any CPU.ActiveCfg = Debug|Any CPU
		{C7FF746B-B704-4CD0-8476-120400C04382}.Debug|Any CPU.Build.0 = Debug|Any CPU
		{C7FF746B-B704-4CD0-8476-120400C04382}.Release|Any CPU.ActiveCfg = Release|Any CPU
		{C7FF746B-B704-4CD0-8476-120400C04382}.Release|Any CPU.Build.0 = Release|Any CPU
		{8995193F-D2DD-4831-B981-534E5A57E04F}.Debug|Any CPU.ActiveCfg = Debug|Any CPU
		{8995193F-D2DD-4831-B981-534E5A57E04F}.Debug|Any CPU.Build.0 = Debug|Any CPU
		{8995193F-D2DD-4831-B981-534E5A57E04F}.Release|Any CPU.ActiveCfg = Release|Any CPU
		{8995193F-D2DD-4831-B981-534E5A57E04F}.Release|Any CPU.Build.0 = Release|Any CPU
		{125256F7-268D-42D3-B563-FF7AEBFB7450}.Debug|Any CPU.ActiveCfg = Debug|Any CPU
		{125256F7-268D-42D3-B563-FF7AEBFB7450}.Debug|Any CPU.Build.0 = Debug|Any CPU
		{125256F7-268D-42D3-B563-FF7AEBFB7450}.Release|Any CPU.ActiveCfg = Release|Any CPU
		{125256F7-268D-42D3-B563-FF7AEBFB7450}.Release|Any CPU.Build.0 = Release|Any CPU
	EndGlobalSection
EndGlobal
